// !$*UTF8*$!
{
	archiveVersion = 1;
	classes = {
	};
	objectVersion = 50;
	objects = {

/* Begin PBXBuildFile section */
		873B4B68256DC5D9002C8436 /* AppDelegate.swift in Sources */ = {isa = PBXBuildFile; fileRef = 873B4B67256DC5D9002C8436 /* AppDelegate.swift */; };
		873B4B6A256DC5D9002C8436 /* SceneDelegate.swift in Sources */ = {isa = PBXBuildFile; fileRef = 873B4B69256DC5D9002C8436 /* SceneDelegate.swift */; };
		873B4B6C256DC5D9002C8436 /* ContentView.swift in Sources */ = {isa = PBXBuildFile; fileRef = 873B4B6B256DC5D9002C8436 /* ContentView.swift */; };
		873B4B6F256DC5D9002C8436 /* UsedProducts.xcdatamodeld in Sources */ = {isa = PBXBuildFile; fileRef = 873B4B6D256DC5D9002C8436 /* UsedProducts.xcdatamodeld */; };
		873B4B71256DC5DA002C8436 /* Assets.xcassets in Resources */ = {isa = PBXBuildFile; fileRef = 873B4B70256DC5DA002C8436 /* Assets.xcassets */; };
		873B4B74256DC5DA002C8436 /* Preview Assets.xcassets in Resources */ = {isa = PBXBuildFile; fileRef = 873B4B73256DC5DA002C8436 /* Preview Assets.xcassets */; };
		873B4B77256DC5DA002C8436 /* LaunchScreen.storyboard in Resources */ = {isa = PBXBuildFile; fileRef = 873B4B75256DC5DA002C8436 /* LaunchScreen.storyboard */; };
		873B4B82256DC5DA002C8436 /* UsedProductsTests.swift in Sources */ = {isa = PBXBuildFile; fileRef = 873B4B81256DC5DA002C8436 /* UsedProductsTests.swift */; };
		873B4B8D256DC5DA002C8436 /* UsedProductsUITests.swift in Sources */ = {isa = PBXBuildFile; fileRef = 873B4B8C256DC5DA002C8436 /* UsedProductsUITests.swift */; };
/* End PBXBuildFile section */

/* Begin PBXContainerItemProxy section */
		873B4B7E256DC5DA002C8436 /* PBXContainerItemProxy */ = {
			isa = PBXContainerItemProxy;
			containerPortal = 873B4B5C256DC5D9002C8436 /* Project object */;
			proxyType = 1;
			remoteGlobalIDString = 873B4B63256DC5D9002C8436;
			remoteInfo = UsedProducts;
		};
		873B4B89256DC5DA002C8436 /* PBXContainerItemProxy */ = {
			isa = PBXContainerItemProxy;
			containerPortal = 873B4B5C256DC5D9002C8436 /* Project object */;
			proxyType = 1;
			remoteGlobalIDString = 873B4B63256DC5D9002C8436;
			remoteInfo = UsedProducts;
		};
/* End PBXContainerItemProxy section */

/* Begin PBXFileReference section */
		873B4B64256DC5D9002C8436 /* UsedProducts.app */ = {isa = PBXFileReference; explicitFileType = wrapper.application; includeInIndex = 0; path = UsedProducts.app; sourceTree = BUILT_PRODUCTS_DIR; };
		873B4B67256DC5D9002C8436 /* AppDelegate.swift */ = {isa = PBXFileReference; lastKnownFileType = sourcecode.swift; path = AppDelegate.swift; sourceTree = "<group>"; };
		873B4B69256DC5D9002C8436 /* SceneDelegate.swift */ = {isa = PBXFileReference; lastKnownFileType = sourcecode.swift; path = SceneDelegate.swift; sourceTree = "<group>"; };
		873B4B6B256DC5D9002C8436 /* ContentView.swift */ = {isa = PBXFileReference; lastKnownFileType = sourcecode.swift; path = ContentView.swift; sourceTree = "<group>"; };
		873B4B6E256DC5D9002C8436 /* UsedProducts.xcdatamodel */ = {isa = PBXFileReference; lastKnownFileType = wrapper.xcdatamodel; path = UsedProducts.xcdatamodel; sourceTree = "<group>"; };
		873B4B70256DC5DA002C8436 /* Assets.xcassets */ = {isa = PBXFileReference; lastKnownFileType = folder.assetcatalog; path = Assets.xcassets; sourceTree = "<group>"; };
		873B4B73256DC5DA002C8436 /* Preview Assets.xcassets */ = {isa = PBXFileReference; lastKnownFileType = folder.assetcatalog; path = "Preview Assets.xcassets"; sourceTree = "<group>"; };
		873B4B76256DC5DA002C8436 /* Base */ = {isa = PBXFileReference; lastKnownFileType = file.storyboard; name = Base; path = Base.lproj/LaunchScreen.storyboard; sourceTree = "<group>"; };
		873B4B78256DC5DA002C8436 /* Info.plist */ = {isa = PBXFileReference; lastKnownFileType = text.plist.xml; path = Info.plist; sourceTree = "<group>"; };
		873B4B7D256DC5DA002C8436 /* UsedProductsTests.xctest */ = {isa = PBXFileReference; explicitFileType = wrapper.cfbundle; includeInIndex = 0; path = UsedProductsTests.xctest; sourceTree = BUILT_PRODUCTS_DIR; };
		873B4B81256DC5DA002C8436 /* UsedProductsTests.swift */ = {isa = PBXFileReference; lastKnownFileType = sourcecode.swift; path = UsedProductsTests.swift; sourceTree = "<group>"; };
		873B4B83256DC5DA002C8436 /* Info.plist */ = {isa = PBXFileReference; lastKnownFileType = text.plist.xml; path = Info.plist; sourceTree = "<group>"; };
		873B4B88256DC5DA002C8436 /* UsedProductsUITests.xctest */ = {isa = PBXFileReference; explicitFileType = wrapper.cfbundle; includeInIndex = 0; path = UsedProductsUITests.xctest; sourceTree = BUILT_PRODUCTS_DIR; };
		873B4B8C256DC5DA002C8436 /* UsedProductsUITests.swift */ = {isa = PBXFileReference; lastKnownFileType = sourcecode.swift; path = UsedProductsUITests.swift; sourceTree = "<group>"; };
		873B4B8E256DC5DA002C8436 /* Info.plist */ = {isa = PBXFileReference; lastKnownFileType = text.plist.xml; path = Info.plist; sourceTree = "<group>"; };
/* End PBXFileReference section */

/* Begin PBXFrameworksBuildPhase section */
		873B4B61256DC5D9002C8436 /* Frameworks */ = {
			isa = PBXFrameworksBuildPhase;
			buildActionMask = 2147483647;
			files = (
			);
			runOnlyForDeploymentPostprocessing = 0;
		};
		873B4B7A256DC5DA002C8436 /* Frameworks */ = {
			isa = PBXFrameworksBuildPhase;
			buildActionMask = 2147483647;
			files = (
			);
			runOnlyForDeploymentPostprocessing = 0;
		};
		873B4B85256DC5DA002C8436 /* Frameworks */ = {
			isa = PBXFrameworksBuildPhase;
			buildActionMask = 2147483647;
			files = (
			);
			runOnlyForDeploymentPostprocessing = 0;
		};
/* End PBXFrameworksBuildPhase section */

/* Begin PBXGroup section */
		873B4B5B256DC5D9002C8436 = {
			isa = PBXGroup;
			children = (
				873B4B66256DC5D9002C8436 /* UsedProducts */,
				873B4B80256DC5DA002C8436 /* UsedProductsTests */,
				873B4B8B256DC5DA002C8436 /* UsedProductsUITests */,
				873B4B65256DC5D9002C8436 /* Products */,
			);
			sourceTree = "<group>";
		};
		873B4B65256DC5D9002C8436 /* Products */ = {
			isa = PBXGroup;
			children = (
				873B4B64256DC5D9002C8436 /* UsedProducts.app */,
				873B4B7D256DC5DA002C8436 /* UsedProductsTests.xctest */,
				873B4B88256DC5DA002C8436 /* UsedProductsUITests.xctest */,
			);
			name = Products;
			sourceTree = "<group>";
		};
		873B4B66256DC5D9002C8436 /* UsedProducts */ = {
			isa = PBXGroup;
			children = (
				873B4B9E256DCC8E002C8436 /* New Group */,
				873B4B67256DC5D9002C8436 /* AppDelegate.swift */,
				873B4B69256DC5D9002C8436 /* SceneDelegate.swift */,
				873B4B6B256DC5D9002C8436 /* ContentView.swift */,
				873B4B70256DC5DA002C8436 /* Assets.xcassets */,
				873B4B75256DC5DA002C8436 /* LaunchScreen.storyboard */,
				873B4B78256DC5DA002C8436 /* Info.plist */,
				873B4B6D256DC5D9002C8436 /* UsedProducts.xcdatamodeld */,
				873B4B72256DC5DA002C8436 /* Preview Content */,
			);
			path = UsedProducts;
			sourceTree = "<group>";
		};
		873B4B72256DC5DA002C8436 /* Preview Content */ = {
			isa = PBXGroup;
			children = (
				873B4B73256DC5DA002C8436 /* Preview Assets.xcassets */,
			);
			path = "Preview Content";
			sourceTree = "<group>";
		};
		873B4B80256DC5DA002C8436 /* UsedProductsTests */ = {
			isa = PBXGroup;
			children = (
				873B4B81256DC5DA002C8436 /* UsedProductsTests.swift */,
				873B4B83256DC5DA002C8436 /* Info.plist */,
			);
			path = UsedProductsTests;
			sourceTree = "<group>";
		};
		873B4B8B256DC5DA002C8436 /* UsedProductsUITests */ = {
			isa = PBXGroup;
			children = (
				873B4B8C256DC5DA002C8436 /* UsedProductsUITests.swift */,
				873B4B8E256DC5DA002C8436 /* Info.plist */,
			);
			path = UsedProductsUITests;
			sourceTree = "<group>";
		};
		873B4B9E256DCC8E002C8436 /* New Group */ = {
			isa = PBXGroup;
			children = (
			);
			path = "New Group";
			sourceTree = "<group>";
		};
/* End PBXGroup section */

/* Begin PBXNativeTarget section */
		873B4B63256DC5D9002C8436 /* UsedProducts */ = {
			isa = PBXNativeTarget;
			buildConfigurationList = 873B4B91256DC5DA002C8436 /* Build configuration list for PBXNativeTarget "UsedProducts" */;
			buildPhases = (
				873B4B60256DC5D9002C8436 /* Sources */,
				873B4B61256DC5D9002C8436 /* Frameworks */,
				873B4B62256DC5D9002C8436 /* Resources */,
			);
			buildRules = (
			);
			dependencies = (
			);
			name = UsedProducts;
			productName = UsedProducts;
			productReference = 873B4B64256DC5D9002C8436 /* UsedProducts.app */;
			productType = "com.apple.product-type.application";
		};
		873B4B7C256DC5DA002C8436 /* UsedProductsTests */ = {
			isa = PBXNativeTarget;
			buildConfigurationList = 873B4B94256DC5DA002C8436 /* Build configuration list for PBXNativeTarget "UsedProductsTests" */;
			buildPhases = (
				873B4B79256DC5DA002C8436 /* Sources */,
				873B4B7A256DC5DA002C8436 /* Frameworks */,
				873B4B7B256DC5DA002C8436 /* Resources */,
			);
			buildRules = (
			);
			dependencies = (
				873B4B7F256DC5DA002C8436 /* PBXTargetDependency */,
			);
			name = UsedProductsTests;
			productName = UsedProductsTests;
			productReference = 873B4B7D256DC5DA002C8436 /* UsedProductsTests.xctest */;
			productType = "com.apple.product-type.bundle.unit-test";
		};
		873B4B87256DC5DA002C8436 /* UsedProductsUITests */ = {
			isa = PBXNativeTarget;
			buildConfigurationList = 873B4B97256DC5DA002C8436 /* Build configuration list for PBXNativeTarget "UsedProductsUITests" */;
			buildPhases = (
				873B4B84256DC5DA002C8436 /* Sources */,
				873B4B85256DC5DA002C8436 /* Frameworks */,
				873B4B86256DC5DA002C8436 /* Resources */,
			);
			buildRules = (
			);
			dependencies = (
				873B4B8A256DC5DA002C8436 /* PBXTargetDependency */,
			);
			name = UsedProductsUITests;
			productName = UsedProductsUITests;
			productReference = 873B4B88256DC5DA002C8436 /* UsedProductsUITests.xctest */;
			productType = "com.apple.product-type.bundle.ui-testing";
		};
/* End PBXNativeTarget section */

/* Begin PBXProject section */
		873B4B5C256DC5D9002C8436 /* Project object */ = {
			isa = PBXProject;
			attributes = {
				LastSwiftUpdateCheck = 1220;
				LastUpgradeCheck = 1220;
				TargetAttributes = {
					873B4B63256DC5D9002C8436 = {
						CreatedOnToolsVersion = 12.2;
					};
					873B4B7C256DC5DA002C8436 = {
						CreatedOnToolsVersion = 12.2;
						TestTargetID = 873B4B63256DC5D9002C8436;
					};
					873B4B87256DC5DA002C8436 = {
						CreatedOnToolsVersion = 12.2;
						TestTargetID = 873B4B63256DC5D9002C8436;
					};
				};
			};
			buildConfigurationList = 873B4B5F256DC5D9002C8436 /* Build configuration list for PBXProject "UsedProducts" */;
			compatibilityVersion = "Xcode 9.3";
			developmentRegion = en;
			hasScannedForEncodings = 0;
			knownRegions = (
				en,
				Base,
			);
			mainGroup = 873B4B5B256DC5D9002C8436;
			productRefGroup = 873B4B65256DC5D9002C8436 /* Products */;
			projectDirPath = "";
			projectRoot = "";
			targets = (
				873B4B63256DC5D9002C8436 /* UsedProducts */,
				873B4B7C256DC5DA002C8436 /* UsedProductsTests */,
				873B4B87256DC5DA002C8436 /* UsedProductsUITests */,
			);
		};
/* End PBXProject section */

/* Begin PBXResourcesBuildPhase section */
		873B4B62256DC5D9002C8436 /* Resources */ = {
			isa = PBXResourcesBuildPhase;
			buildActionMask = 2147483647;
			files = (
				873B4B77256DC5DA002C8436 /* LaunchScreen.storyboard in Resources */,
				873B4B74256DC5DA002C8436 /* Preview Assets.xcassets in Resources */,
				873B4B71256DC5DA002C8436 /* Assets.xcassets in Resources */,
			);
			runOnlyForDeploymentPostprocessing = 0;
		};
		873B4B7B256DC5DA002C8436 /* Resources */ = {
			isa = PBXResourcesBuildPhase;
			buildActionMask = 2147483647;
			files = (
			);
			runOnlyForDeploymentPostprocessing = 0;
		};
		873B4B86256DC5DA002C8436 /* Resources */ = {
			isa = PBXResourcesBuildPhase;
			buildActionMask = 2147483647;
			files = (
			);
			runOnlyForDeploymentPostprocessing = 0;
		};
/* End PBXResourcesBuildPhase section */

/* Begin PBXSourcesBuildPhase section */
		873B4B60256DC5D9002C8436 /* Sources */ = {
			isa = PBXSourcesBuildPhase;
			buildActionMask = 2147483647;
			files = (
				873B4B68256DC5D9002C8436 /* AppDelegate.swift in Sources */,
				873B4B6A256DC5D9002C8436 /* SceneDelegate.swift in Sources */,
				873B4B6F256DC5D9002C8436 /* UsedProducts.xcdatamodeld in Sources */,
				873B4B6C256DC5D9002C8436 /* ContentView.swift in Sources */,
			);
			runOnlyForDeploymentPostprocessing = 0;
		};
		873B4B79256DC5DA002C8436 /* Sources */ = {
			isa = PBXSourcesBuildPhase;
			buildActionMask = 2147483647;
			files = (
				873B4B82256DC5DA002C8436 /* UsedProductsTests.swift in Sources */,
			);
			runOnlyForDeploymentPostprocessing = 0;
		};
		873B4B84256DC5DA002C8436 /* Sources */ = {
			isa = PBXSourcesBuildPhase;
			buildActionMask = 2147483647;
			files = (
				873B4B8D256DC5DA002C8436 /* UsedProductsUITests.swift in Sources */,
			);
			runOnlyForDeploymentPostprocessing = 0;
		};
/* End PBXSourcesBuildPhase section */

/* Begin PBXTargetDependency section */
		873B4B7F256DC5DA002C8436 /* PBXTargetDependency */ = {
			isa = PBXTargetDependency;
			target = 873B4B63256DC5D9002C8436 /* UsedProducts */;
			targetProxy = 873B4B7E256DC5DA002C8436 /* PBXContainerItemProxy */;
		};
		873B4B8A256DC5DA002C8436 /* PBXTargetDependency */ = {
			isa = PBXTargetDependency;
			target = 873B4B63256DC5D9002C8436 /* UsedProducts */;
			targetProxy = 873B4B89256DC5DA002C8436 /* PBXContainerItemProxy */;
		};
/* End PBXTargetDependency section */

/* Begin PBXVariantGroup section */
		873B4B75256DC5DA002C8436 /* LaunchScreen.storyboard */ = {
			isa = PBXVariantGroup;
			children = (
				873B4B76256DC5DA002C8436 /* Base */,
			);
			name = LaunchScreen.storyboard;
			sourceTree = "<group>";
		};
/* End PBXVariantGroup section */

/* Begin XCBuildConfiguration section */
		873B4B8F256DC5DA002C8436 /* Debug */ = {
			isa = XCBuildConfiguration;
			buildSettings = {
				ALWAYS_SEARCH_USER_PATHS = NO;
				CLANG_ANALYZER_NONNULL = YES;
				CLANG_ANALYZER_NUMBER_OBJECT_CONVERSION = YES_AGGRESSIVE;
				CLANG_CXX_LANGUAGE_STANDARD = "gnu++14";
				CLANG_CXX_LIBRARY = "libc++";
				CLANG_ENABLE_MODULES = YES;
				CLANG_ENABLE_OBJC_ARC = YES;
				CLANG_ENABLE_OBJC_WEAK = YES;
				CLANG_WARN_BLOCK_CAPTURE_AUTORELEASING = YES;
				CLANG_WARN_BOOL_CONVERSION = YES;
				CLANG_WARN_COMMA = YES;
				CLANG_WARN_CONSTANT_CONVERSION = YES;
				CLANG_WARN_DEPRECATED_OBJC_IMPLEMENTATIONS = YES;
				CLANG_WARN_DIRECT_OBJC_ISA_USAGE = YES_ERROR;
				CLANG_WARN_DOCUMENTATION_COMMENTS = YES;
				CLANG_WARN_EMPTY_BODY = YES;
				CLANG_WARN_ENUM_CONVERSION = YES;
				CLANG_WARN_INFINITE_RECURSION = YES;
				CLANG_WARN_INT_CONVERSION = YES;
				CLANG_WARN_NON_LITERAL_NULL_CONVERSION = YES;
				CLANG_WARN_OBJC_IMPLICIT_RETAIN_SELF = YES;
				CLANG_WARN_OBJC_LITERAL_CONVERSION = YES;
				CLANG_WARN_OBJC_ROOT_CLASS = YES_ERROR;
				CLANG_WARN_QUOTED_INCLUDE_IN_FRAMEWORK_HEADER = YES;
				CLANG_WARN_RANGE_LOOP_ANALYSIS = YES;
				CLANG_WARN_STRICT_PROTOTYPES = YES;
				CLANG_WARN_SUSPICIOUS_MOVE = YES;
				CLANG_WARN_UNGUARDED_AVAILABILITY = YES_AGGRESSIVE;
				CLANG_WARN_UNREACHABLE_CODE = YES;
				CLANG_WARN__DUPLICATE_METHOD_MATCH = YES;
				COPY_PHASE_STRIP = NO;
				DEBUG_INFORMATION_FORMAT = dwarf;
				ENABLE_STRICT_OBJC_MSGSEND = YES;
				ENABLE_TESTABILITY = YES;
				GCC_C_LANGUAGE_STANDARD = gnu11;
				GCC_DYNAMIC_NO_PIC = NO;
				GCC_NO_COMMON_BLOCKS = YES;
				GCC_OPTIMIZATION_LEVEL = 0;
				GCC_PREPROCESSOR_DEFINITIONS = (
					"DEBUG=1",
					"$(inherited)",
				);
				GCC_WARN_64_TO_32_BIT_CONVERSION = YES;
				GCC_WARN_ABOUT_RETURN_TYPE = YES_ERROR;
				GCC_WARN_UNDECLARED_SELECTOR = YES;
				GCC_WARN_UNINITIALIZED_AUTOS = YES_AGGRESSIVE;
				GCC_WARN_UNUSED_FUNCTION = YES;
				GCC_WARN_UNUSED_VARIABLE = YES;
				IPHONEOS_DEPLOYMENT_TARGET = 14.2;
				MTL_ENABLE_DEBUG_INFO = INCLUDE_SOURCE;
				MTL_FAST_MATH = YES;
				ONLY_ACTIVE_ARCH = YES;
				SDKROOT = iphoneos;
				SWIFT_ACTIVE_COMPILATION_CONDITIONS = DEBUG;
				SWIFT_OPTIMIZATION_LEVEL = "-Onone";
			};
			name = Debug;
		};
		873B4B90256DC5DA002C8436 /* Release */ = {
			isa = XCBuildConfiguration;
			buildSettings = {
				ALWAYS_SEARCH_USER_PATHS = NO;
				CLANG_ANALYZER_NONNULL = YES;
				CLANG_ANALYZER_NUMBER_OBJECT_CONVERSION = YES_AGGRESSIVE;
				CLANG_CXX_LANGUAGE_STANDARD = "gnu++14";
				CLANG_CXX_LIBRARY = "libc++";
				CLANG_ENABLE_MODULES = YES;
				CLANG_ENABLE_OBJC_ARC = YES;
				CLANG_ENABLE_OBJC_WEAK = YES;
				CLANG_WARN_BLOCK_CAPTURE_AUTORELEASING = YES;
				CLANG_WARN_BOOL_CONVERSION = YES;
				CLANG_WARN_COMMA = YES;
				CLANG_WARN_CONSTANT_CONVERSION = YES;
				CLANG_WARN_DEPRECATED_OBJC_IMPLEMENTATIONS = YES;
				CLANG_WARN_DIRECT_OBJC_ISA_USAGE = YES_ERROR;
				CLANG_WARN_DOCUMENTATION_COMMENTS = YES;
				CLANG_WARN_EMPTY_BODY = YES;
				CLANG_WARN_ENUM_CONVERSION = YES;
				CLANG_WARN_INFINITE_RECURSION = YES;
				CLANG_WARN_INT_CONVERSION = YES;
				CLANG_WARN_NON_LITERAL_NULL_CONVERSION = YES;
				CLANG_WARN_OBJC_IMPLICIT_RETAIN_SELF = YES;
				CLANG_WARN_OBJC_LITERAL_CONVERSION = YES;
				CLANG_WARN_OBJC_ROOT_CLASS = YES_ERROR;
				CLANG_WARN_QUOTED_INCLUDE_IN_FRAMEWORK_HEADER = YES;
				CLANG_WARN_RANGE_LOOP_ANALYSIS = YES;
				CLANG_WARN_STRICT_PROTOTYPES = YES;
				CLANG_WARN_SUSPICIOUS_MOVE = YES;
				CLANG_WARN_UNGUARDED_AVAILABILITY = YES_AGGRESSIVE;
				CLANG_WARN_UNREACHABLE_CODE = YES;
				CLANG_WARN__DUPLICATE_METHOD_MATCH = YES;
				COPY_PHASE_STRIP = NO;
				DEBUG_INFORMATION_FORMAT = "dwarf-with-dsym";
				ENABLE_NS_ASSERTIONS = NO;
				ENABLE_STRICT_OBJC_MSGSEND = YES;
				GCC_C_LANGUAGE_STANDARD = gnu11;
				GCC_NO_COMMON_BLOCKS = YES;
				GCC_WARN_64_TO_32_BIT_CONVERSION = YES;
				GCC_WARN_ABOUT_RETURN_TYPE = YES_ERROR;
				GCC_WARN_UNDECLARED_SELECTOR = YES;
				GCC_WARN_UNINITIALIZED_AUTOS = YES_AGGRESSIVE;
				GCC_WARN_UNUSED_FUNCTION = YES;
				GCC_WARN_UNUSED_VARIABLE = YES;
				IPHONEOS_DEPLOYMENT_TARGET = 14.2;
				MTL_ENABLE_DEBUG_INFO = NO;
				MTL_FAST_MATH = YES;
				SDKROOT = iphoneos;
				SWIFT_COMPILATION_MODE = wholemodule;
				SWIFT_OPTIMIZATION_LEVEL = "-O";
				VALIDATE_PRODUCT = YES;
			};
			name = Release;
		};
		873B4B92256DC5DA002C8436 /* Debug */ = {
			isa = XCBuildConfiguration;
			buildSettings = {
				ASSETCATALOG_COMPILER_APPICON_NAME = AppIcon;
				ASSETCATALOG_COMPILER_GLOBAL_ACCENT_COLOR_NAME = AccentColor;
				CODE_SIGN_STYLE = Automatic;
				DEVELOPMENT_ASSET_PATHS = "\"UsedProducts/Preview Content\"";
				DEVELOPMENT_TEAM = ZY2868578R;
				ENABLE_PREVIEWS = YES;
				INFOPLIST_FILE = UsedProducts/Info.plist;
				LD_RUNPATH_SEARCH_PATHS = (
					"$(inherited)",
					"@executable_path/Frameworks",
				);
				PRODUCT_BUNDLE_IDENTIFIER = zorozgun.UsedProducts;
				PRODUCT_NAME = "$(TARGET_NAME)";
				SWIFT_VERSION = 5.0;
				TARGETED_DEVICE_FAMILY = "1,2";
			};
			name = Debug;
		};
		873B4B93256DC5DA002C8436 /* Release */ = {
			isa = XCBuildConfiguration;
			buildSettings = {
				ASSETCATALOG_COMPILER_APPICON_NAME = AppIcon;
				ASSETCATALOG_COMPILER_GLOBAL_ACCENT_COLOR_NAME = AccentColor;
				CODE_SIGN_STYLE = Automatic;
				DEVELOPMENT_ASSET_PATHS = "\"UsedProducts/Preview Content\"";
				DEVELOPMENT_TEAM = ZY2868578R;
				ENABLE_PREVIEWS = YES;
				INFOPLIST_FILE = UsedProducts/Info.plist;
				LD_RUNPATH_SEARCH_PATHS = (
					"$(inherited)",
					"@executable_path/Frameworks",
				);
				PRODUCT_BUNDLE_IDENTIFIER = zorozgun.UsedProducts;
				PRODUCT_NAME = "$(TARGET_NAME)";
				SWIFT_VERSION = 5.0;
				TARGETED_DEVICE_FAMILY = "1,2";
			};
			name = Release;
		};
		873B4B95256DC5DA002C8436 /* Debug */ = {
			isa = XCBuildConfiguration;
			buildSettings = {
				ALWAYS_EMBED_SWIFT_STANDARD_LIBRARIES = YES;
				BUNDLE_LOADER = "$(TEST_HOST)";
				CODE_SIGN_STYLE = Automatic;
				DEVELOPMENT_TEAM = ZY2868578R;
				INFOPLIST_FILE = UsedProductsTests/Info.plist;
				IPHONEOS_DEPLOYMENT_TARGET = 14.2;
				LD_RUNPATH_SEARCH_PATHS = (
					"$(inherited)",
					"@executable_path/Frameworks",
					"@loader_path/Frameworks",
				);
				PRODUCT_BUNDLE_IDENTIFIER = zorozgun.UsedProductsTests;
				PRODUCT_NAME = "$(TARGET_NAME)";
				SWIFT_VERSION = 5.0;
				TARGETED_DEVICE_FAMILY = "1,2";
				TEST_HOST = "$(BUILT_PRODUCTS_DIR)/UsedProducts.app/UsedProducts";
			};
			name = Debug;
		};
		873B4B96256DC5DA002C8436 /* Release */ = {
			isa = XCBuildConfiguration;
			buildSettings = {
				ALWAYS_EMBED_SWIFT_STANDARD_LIBRARIES = YES;
				BUNDLE_LOADER = "$(TEST_HOST)";
				CODE_SIGN_STYLE = Automatic;
				DEVELOPMENT_TEAM = ZY2868578R;
				INFOPLIST_FILE = UsedProductsTests/Info.plist;
				IPHONEOS_DEPLOYMENT_TARGET = 14.2;
				LD_RUNPATH_SEARCH_PATHS = (
					"$(inherited)",
					"@executable_path/Frameworks",
					"@loader_path/Frameworks",
				);
				PRODUCT_BUNDLE_IDENTIFIER = zorozgun.UsedProductsTests;
				PRODUCT_NAME = "$(TARGET_NAME)";
				SWIFT_VERSION = 5.0;
				TARGETED_DEVICE_FAMILY = "1,2";
				TEST_HOST = "$(BUILT_PRODUCTS_DIR)/UsedProducts.app/UsedProducts";
			};
			name = Release;
		};
		873B4B98256DC5DA002C8436 /* Debug */ = {
			isa = XCBuildConfiguration;
			buildSettings = {
				ALWAYS_EMBED_SWIFT_STANDARD_LIBRARIES = YES;
				CODE_SIGN_STYLE = Automatic;
				DEVELOPMENT_TEAM = ZY2868578R;
				INFOPLIST_FILE = UsedProductsUITests/Info.plist;
				LD_RUNPATH_SEARCH_PATHS = (
					"$(inherited)",
					"@executable_path/Frameworks",
					"@loader_path/Frameworks",
				);
				PRODUCT_BUNDLE_IDENTIFIER = zorozgun.UsedProductsUITests;
				PRODUCT_NAME = "$(TARGET_NAME)";
				SWIFT_VERSION = 5.0;
				TARGETED_DEVICE_FAMILY = "1,2";
				TEST_TARGET_NAME = UsedProducts;
			};
			name = Debug;
		};
		873B4B99256DC5DA002C8436 /* Release */ = {
			isa = XCBuildConfiguration;
			buildSettings = {
				ALWAYS_EMBED_SWIFT_STANDARD_LIBRARIES = YES;
				CODE_SIGN_STYLE = Automatic;
				DEVELOPMENT_TEAM = ZY2868578R;
				INFOPLIST_FILE = UsedProductsUITests/Info.plist;
				LD_RUNPATH_SEARCH_PATHS = (
					"$(inherited)",
					"@executable_path/Frameworks",
					"@loader_path/Frameworks",
				);
				PRODUCT_BUNDLE_IDENTIFIER = zorozgun.UsedProductsUITests;
				PRODUCT_NAME = "$(TARGET_NAME)";
				SWIFT_VERSION = 5.0;
				TARGETED_DEVICE_FAMILY = "1,2";
				TEST_TARGET_NAME = UsedProducts;
			};
			name = Release;
		};
/* End XCBuildConfiguration section */

/* Begin XCConfigurationList section */
		873B4B5F256DC5D9002C8436 /* Build configuration list for PBXProject "UsedProducts" */ = {
			isa = XCConfigurationList;
			buildConfigurations = (
				873B4B8F256DC5DA002C8436 /* Debug */,
				873B4B90256DC5DA002C8436 /* Release */,
			);
			defaultConfigurationIsVisible = 0;
			defaultConfigurationName = Release;
		};
		873B4B91256DC5DA002C8436 /* Build configuration list for PBXNativeTarget "UsedProducts" */ = {
			isa = XCConfigurationList;
			buildConfigurations = (
				873B4B92256DC5DA002C8436 /* Debug */,
				873B4B93256DC5DA002C8436 /* Release */,
			);
			defaultConfigurationIsVisible = 0;
			defaultConfigurationName = Release;
		};
		873B4B94256DC5DA002C8436 /* Build configuration list for PBXNativeTarget "UsedProductsTests" */ = {
			isa = XCConfigurationList;
			buildConfigurations = (
				873B4B95256DC5DA002C8436 /* Debug */,
				873B4B96256DC5DA002C8436 /* Release */,
			);
			defaultConfigurationIsVisible = 0;
			defaultConfigurationName = Release;
		};
		873B4B97256DC5DA002C8436 /* Build configuration list for PBXNativeTarget "UsedProductsUITests" */ = {
			isa = XCConfigurationList;
			buildConfigurations = (
				873B4B98256DC5DA002C8436 /* Debug */,
				873B4B99256DC5DA002C8436 /* Release */,
			);
			defaultConfigurationIsVisible = 0;
			defaultConfigurationName = Release;
		};
/* End XCConfigurationList section */

/* Begin XCVersionGroup section */
		873B4B6D256DC5D9002C8436 /* UsedProducts.xcdatamodeld */ = {
			isa = XCVersionGroup;
			children = (
				873B4B6E256DC5D9002C8436 /* UsedProducts.xcdatamodel */,
			);
			currentVersion = 873B4B6E256DC5D9002C8436 /* UsedProducts.xcdatamodel */;
			path = UsedProducts.xcdatamodeld;
			sourceTree = "<group>";
			versionGroupType = wrapper.xcdatamodel;
		};
/* End XCVersionGroup section */
	};
	rootObject = 873B4B5C256DC5D9002C8436 /* Project object */;
}
